
Microsoft Visual Studio Solution File, Format Version 12.00
# Visual Studio 14
VisualStudioVersion = 14.0.25420.1
MinimumVisualStudioVersion = 10.0.40219.1
Project("{FAE04EC0-301F-11D3-BF4B-00C04F79EFBC}") = "01. Count Work Days", "01. Count Work Days\01. Count Work Days.csproj", "{511A246A-E27E-415C-B4AE-E54C7722986F}"
EndProject
Project("{FAE04EC0-301F-11D3-BF4B-00C04F79EFBC}") = "02. Advertisement Message", "02. Advertisement Message\02. Advertisement Message.csproj", "{EB32BF7F-C51B-48D5-81D4-E59DA98F21AD}"
EndProject
Project("{FAE04EC0-301F-11D3-BF4B-00C04F79EFBC}") = "03. Circles Intersection", "03. Circles Intersection\03. Circles Intersection.csproj", "{F2F7A22B-F458-4238-BFBC-60F3A818B7FF}"
EndProject
Project("{FAE04EC0-301F-11D3-BF4B-00C04F79EFBC}") = "04. Average Grades", "04. Average Grades\04. Average Grades.csproj", "{923F4A7F-D06F-4C6D-8094-F834526F7E98}"
EndProject
Project("{FAE04EC0-301F-11D3-BF4B-00C04F79EFBC}") = "05. Book Library", "05. Book Library\05. Book Library.csproj", "{5B3F75E3-E224-4BE1-806C-916AFB105409}"
EndProject
Project("{FAE04EC0-301F-11D3-BF4B-00C04F79EFBC}") = "06. BookLibraryModification", "06. BookLibraryModification\06. BookLibraryModification.csproj", "{9F4A7647-8D28-4028-9EB3-B6BF0EA4AF1F}"
EndProject
Project("{FAE04EC0-301F-11D3-BF4B-00C04F79EFBC}") = "07. AndreyAndBilliard", "07. AndreyAndBilliard\07. AndreyAndBilliard.csproj", "{E5627039-196C-4938-B6DB-8A0A69627484}"
EndProject
Project("{FAE04EC0-301F-11D3-BF4B-00C04F79EFBC}") = "08. MentorGroup", "08. MentorGroup\08. MentorGroup.csproj", "{301E8110-B577-44B7-BC64-D8C389E606B0}"
EndProject
Global
	GlobalSection(SolutionConfigurationPlatforms) = preSolution
		Debug|Any CPU = Debug|Any CPU
		Release|Any CPU = Release|Any CPU
	EndGlobalSection
	GlobalSection(ProjectConfigurationPlatforms) = postSolution
		{511A246A-E27E-415C-B4AE-E54C7722986F}.Debug|Any CPU.ActiveCfg = Debug|Any CPU
		{511A246A-E27E-415C-B4AE-E54C7722986F}.Debug|Any CPU.Build.0 = Debug|Any CPU
		{511A246A-E27E-415C-B4AE-E54C7722986F}.Release|Any CPU.ActiveCfg = Release|Any CPU
		{511A246A-E27E-415C-B4AE-E54C7722986F}.Release|Any CPU.Build.0 = Release|Any CPU
		{EB32BF7F-C51B-48D5-81D4-E59DA98F21AD}.Debug|Any CPU.ActiveCfg = Debug|Any CPU
		{EB32BF7F-C51B-48D5-81D4-E59DA98F21AD}.Debug|Any CPU.Build.0 = Debug|Any CPU
		{EB32BF7F-C51B-48D5-81D4-E59DA98F21AD}.Release|Any CPU.ActiveCfg = Release|Any CPU
		{EB32BF7F-C51B-48D5-81D4-E59DA98F21AD}.Release|Any CPU.Build.0 = Release|Any CPU
		{F2F7A22B-F458-4238-BFBC-60F3A818B7FF}.Debug|Any CPU.ActiveCfg = Debug|Any CPU
		{F2F7A22B-F458-4238-BFBC-60F3A818B7FF}.Debug|Any CPU.Build.0 = Debug|Any CPU
		{F2F7A22B-F458-4238-BFBC-60F3A818B7FF}.Release|Any CPU.ActiveCfg = Release|Any CPU
		{F2F7A22B-F458-4238-BFBC-60F3A818B7FF}.Release|Any CPU.Build.0 = Release|Any CPU
		{923F4A7F-D06F-4C6D-8094-F834526F7E98}.Debug|Any CPU.ActiveCfg = Debug|Any CPU
		{923F4A7F-D06F-4C6D-8094-F834526F7E98}.Debug|Any CPU.Build.0 = Debug|Any CPU
		{923F4A7F-D06F-4C6D-8094-F834526F7E98}.Release|Any CPU.ActiveCfg = Release|Any CPU
		{923F4A7F-D06F-4C6D-8094-F834526F7E98}.Release|Any CPU.Build.0 = Release|Any CPU
		{5B3F75E3-E224-4BE1-806C-916AFB105409}.Debug|Any CPU.ActiveCfg = Debug|Any CPU
		{5B3F75E3-E224-4BE1-806C-916AFB105409}.Debug|Any CPU.Build.0 = Debug|Any CPU
		{5B3F75E3-E224-4BE1-806C-916AFB105409}.Release|Any CPU.ActiveCfg = Release|Any CPU
		{5B3F75E3-E224-4BE1-806C-916AFB105409}.Release|Any CPU.Build.0 = Release|Any CPU
		{9F4A7647-8D28-4028-9EB3-B6BF0EA4AF1F}.Debug|Any CPU.ActiveCfg = Debug|Any CPU
		{9F4A7647-8D28-4028-9EB3-B6BF0EA4AF1F}.Debug|Any CPU.Build.0 = Debug|Any CPU
		{9F4A7647-8D28-4028-9EB3-B6BF0EA4AF1F}.Release|Any CPU.ActiveCfg = Release|Any CPU
		{9F4A7647-8D28-4028-9EB3-B6BF0EA4AF1F}.Release|Any CPU.Build.0 = Release|Any CPU
		{E5627039-196C-4938-B6DB-8A0A69627484}.Debug|Any CPU.ActiveCfg = Debug|Any CPU
		{E5627039-196C-4938-B6DB-8A0A69627484}.Debug|Any CPU.Build.0 = Debug|Any CPU
		{E5627039-196C-4938-B6DB-8A0A69627484}.Release|Any CPU.ActiveCfg = Release|Any CPU
		{E5627039-196C-4938-B6DB-8A0A69627484}.Release|Any CPU.Build.0 = Release|Any CPU
		{301E8110-B577-44B7-BC64-D8C389E606B0}.Debug|Any CPU.ActiveCfg = Debug|Any CPU
		{301E8110-B577-44B7-BC64-D8C389E606B0}.Debug|Any CPU.Build.0 = Debug|Any CPU
		{301E8110-B577-44B7-BC64-D8C389E606B0}.Release|Any CPU.ActiveCfg = Release|Any CPU
		{301E8110-B577-44B7-BC64-D8C389E606B0}.Release|Any CPU.Build.0 = Release|Any CPU
	EndGlobalSection
	GlobalSection(SolutionProperties) = preSolution
		HideSolutionNode = FALSE
	EndGlobalSection
EndGlobal
