
Microsoft Visual Studio Solution File, Format Version 12.00
# Visual Studio 14
VisualStudioVersion = 14.0.25420.1
MinimumVisualStudioVersion = 10.0.40219.1
Project("{FAE04EC0-301F-11D3-BF4B-00C04F79EFBC}") = "01. Reverse String", "01. Reverse String\01. Reverse String.csproj", "{EC4F8B05-ADCA-44A2-8EB3-13CBC30E1762}"
EndProject
Project("{FAE04EC0-301F-11D3-BF4B-00C04F79EFBC}") = "02. Count Substring Occurrences", "02. Count Substring Occurrences\02. Count Substring Occurrences.csproj", "{AA3F59C0-C7BA-4AF1-B219-F16CB05783FB}"
EndProject
Project("{FAE04EC0-301F-11D3-BF4B-00C04F79EFBC}") = "03. Text Filter", "03. Text Filter\03. Text Filter.csproj", "{AEB6F6EE-0B97-45E8-AD77-C6BF4E69E2B5}"
EndProject
Project("{FAE04EC0-301F-11D3-BF4B-00C04F79EFBC}") = "04. Palindromes", "04. Palindromes\04. Palindromes.csproj", "{14790CB0-01B9-4AE9-B52C-898B71563311}"
EndProject
Project("{FAE04EC0-301F-11D3-BF4B-00C04F79EFBC}") = "07. Replace a tag", "07. Replace a tag\07. Replace a tag.csproj", "{A45135E6-27E1-4798-B171-1D2EC984DE46}"
EndProject
Global
	GlobalSection(SolutionConfigurationPlatforms) = preSolution
		Debug|Any CPU = Debug|Any CPU
		Release|Any CPU = Release|Any CPU
	EndGlobalSection
	GlobalSection(ProjectConfigurationPlatforms) = postSolution
		{EC4F8B05-ADCA-44A2-8EB3-13CBC30E1762}.Debug|Any CPU.ActiveCfg = Debug|Any CPU
		{EC4F8B05-ADCA-44A2-8EB3-13CBC30E1762}.Debug|Any CPU.Build.0 = Debug|Any CPU
		{EC4F8B05-ADCA-44A2-8EB3-13CBC30E1762}.Release|Any CPU.ActiveCfg = Release|Any CPU
		{EC4F8B05-ADCA-44A2-8EB3-13CBC30E1762}.Release|Any CPU.Build.0 = Release|Any CPU
		{AA3F59C0-C7BA-4AF1-B219-F16CB05783FB}.Debug|Any CPU.ActiveCfg = Debug|Any CPU
		{AA3F59C0-C7BA-4AF1-B219-F16CB05783FB}.Debug|Any CPU.Build.0 = Debug|Any CPU
		{AA3F59C0-C7BA-4AF1-B219-F16CB05783FB}.Release|Any CPU.ActiveCfg = Release|Any CPU
		{AA3F59C0-C7BA-4AF1-B219-F16CB05783FB}.Release|Any CPU.Build.0 = Release|Any CPU
		{AEB6F6EE-0B97-45E8-AD77-C6BF4E69E2B5}.Debug|Any CPU.ActiveCfg = Debug|Any CPU
		{AEB6F6EE-0B97-45E8-AD77-C6BF4E69E2B5}.Debug|Any CPU.Build.0 = Debug|Any CPU
		{AEB6F6EE-0B97-45E8-AD77-C6BF4E69E2B5}.Release|Any CPU.ActiveCfg = Release|Any CPU
		{AEB6F6EE-0B97-45E8-AD77-C6BF4E69E2B5}.Release|Any CPU.Build.0 = Release|Any CPU
		{14790CB0-01B9-4AE9-B52C-898B71563311}.Debug|Any CPU.ActiveCfg = Debug|Any CPU
		{14790CB0-01B9-4AE9-B52C-898B71563311}.Debug|Any CPU.Build.0 = Debug|Any CPU
		{14790CB0-01B9-4AE9-B52C-898B71563311}.Release|Any CPU.ActiveCfg = Release|Any CPU
		{14790CB0-01B9-4AE9-B52C-898B71563311}.Release|Any CPU.Build.0 = Release|Any CPU
		{A45135E6-27E1-4798-B171-1D2EC984DE46}.Debug|Any CPU.ActiveCfg = Debug|Any CPU
		{A45135E6-27E1-4798-B171-1D2EC984DE46}.Debug|Any CPU.Build.0 = Debug|Any CPU
		{A45135E6-27E1-4798-B171-1D2EC984DE46}.Release|Any CPU.ActiveCfg = Release|Any CPU
		{A45135E6-27E1-4798-B171-1D2EC984DE46}.Release|Any CPU.Build.0 = Release|Any CPU
	EndGlobalSection
	GlobalSection(SolutionProperties) = preSolution
		HideSolutionNode = FALSE
	EndGlobalSection
EndGlobal
