
Microsoft Visual Studio Solution File, Format Version 12.00
# Visual Studio 14
VisualStudioVersion = 14.0.25420.1
MinimumVisualStudioVersion = 10.0.40219.1
Project("{FAE04EC0-301F-11D3-BF4B-00C04F79EFBC}") = "01. ConvertFromBase10toBaseN", "01. ConvertFromBase10toBaseN\01. ConvertFromBase10toBaseN.csproj", "{C7BBD5EA-4132-4838-AE81-9CA5EA13DB34}"
EndProject
Project("{FAE04EC0-301F-11D3-BF4B-00C04F79EFBC}") = "02. ConvertFromBaseNtoBase10", "02. ConvertFromBaseNtoBase10\02. ConvertFromBaseNtoBase10.csproj", "{4D2F8751-929A-4164-8716-758267FF0ED0}"
EndProject
Global
	GlobalSection(SolutionConfigurationPlatforms) = preSolution
		Debug|Any CPU = Debug|Any CPU
		Release|Any CPU = Release|Any CPU
	EndGlobalSection
	GlobalSection(ProjectConfigurationPlatforms) = postSolution
		{C7BBD5EA-4132-4838-AE81-9CA5EA13DB34}.Debug|Any CPU.ActiveCfg = Debug|Any CPU
		{C7BBD5EA-4132-4838-AE81-9CA5EA13DB34}.Debug|Any CPU.Build.0 = Debug|Any CPU
		{C7BBD5EA-4132-4838-AE81-9CA5EA13DB34}.Release|Any CPU.ActiveCfg = Release|Any CPU
		{C7BBD5EA-4132-4838-AE81-9CA5EA13DB34}.Release|Any CPU.Build.0 = Release|Any CPU
		{4D2F8751-929A-4164-8716-758267FF0ED0}.Debug|Any CPU.ActiveCfg = Debug|Any CPU
		{4D2F8751-929A-4164-8716-758267FF0ED0}.Debug|Any CPU.Build.0 = Debug|Any CPU
		{4D2F8751-929A-4164-8716-758267FF0ED0}.Release|Any CPU.ActiveCfg = Release|Any CPU
		{4D2F8751-929A-4164-8716-758267FF0ED0}.Release|Any CPU.Build.0 = Release|Any CPU
	EndGlobalSection
	GlobalSection(SolutionProperties) = preSolution
		HideSolutionNode = FALSE
	EndGlobalSection
EndGlobal
